// !$*UTF8*$!
{
	archiveVersion = 1;
	classes = {
	};
	objectVersion = 56;
	objects = {

/* Begin PBXBuildFile section */
		64FB5176298FC66D0041F669 /* AppDelegate.swift in Sources */ = {isa = PBXBuildFile; fileRef = 64FB5175298FC66D0041F669 /* AppDelegate.swift */; };
		64FB5178298FC66D0041F669 /* SceneDelegate.swift in Sources */ = {isa = PBXBuildFile; fileRef = 64FB5177298FC66D0041F669 /* SceneDelegate.swift */; };
		64FB517A298FC66D0041F669 /* AuthorizationScreen.swift in Sources */ = {isa = PBXBuildFile; fileRef = 64FB5179298FC66D0041F669 /* AuthorizationScreen.swift */; };
		64FB517F298FC66E0041F669 /* Assets.xcassets in Resources */ = {isa = PBXBuildFile; fileRef = 64FB517E298FC66E0041F669 /* Assets.xcassets */; };
		64FB5182298FC66E0041F669 /* LaunchScreen.storyboard in Resources */ = {isa = PBXBuildFile; fileRef = 64FB5180298FC66E0041F669 /* LaunchScreen.storyboard */; };
		64FB518A298FC7A10041F669 /* AuthorizationScreenViewModel.swift in Sources */ = {isa = PBXBuildFile; fileRef = 64FB5189298FC7A10041F669 /* AuthorizationScreenViewModel.swift */; };
		64FB5190298FDDE80041F669 /* NewAccountScreen.swift in Sources */ = {isa = PBXBuildFile; fileRef = 64FB518F298FDDE80041F669 /* NewAccountScreen.swift */; };
/* End PBXBuildFile section */

/* Begin PBXFileReference section */
		64FB5172298FC66D0041F669 /* Firebase-Auth.app */ = {isa = PBXFileReference; explicitFileType = wrapper.application; includeInIndex = 0; path = "Firebase-Auth.app"; sourceTree = BUILT_PRODUCTS_DIR; };
		64FB5175298FC66D0041F669 /* AppDelegate.swift */ = {isa = PBXFileReference; lastKnownFileType = sourcecode.swift; path = AppDelegate.swift; sourceTree = "<group>"; };
		64FB5177298FC66D0041F669 /* SceneDelegate.swift */ = {isa = PBXFileReference; lastKnownFileType = sourcecode.swift; path = SceneDelegate.swift; sourceTree = "<group>"; };
		64FB5179298FC66D0041F669 /* AuthorizationScreen.swift */ = {isa = PBXFileReference; lastKnownFileType = sourcecode.swift; path = AuthorizationScreen.swift; sourceTree = "<group>"; };
		64FB517E298FC66E0041F669 /* Assets.xcassets */ = {isa = PBXFileReference; lastKnownFileType = folder.assetcatalog; path = Assets.xcassets; sourceTree = "<group>"; };
		64FB5181298FC66E0041F669 /* Base */ = {isa = PBXFileReference; lastKnownFileType = file.storyboard; name = Base; path = Base.lproj/LaunchScreen.storyboard; sourceTree = "<group>"; };
		64FB5183298FC66E0041F669 /* Info.plist */ = {isa = PBXFileReference; lastKnownFileType = text.plist.xml; path = Info.plist; sourceTree = "<group>"; };
		64FB5189298FC7A10041F669 /* AuthorizationScreenViewModel.swift */ = {isa = PBXFileReference; lastKnownFileType = sourcecode.swift; path = AuthorizationScreenViewModel.swift; sourceTree = "<group>"; };
		64FB518F298FDDE80041F669 /* NewAccountScreen.swift */ = {isa = PBXFileReference; lastKnownFileType = sourcecode.swift; path = NewAccountScreen.swift; sourceTree = "<group>"; };
/* End PBXFileReference section */

/* Begin PBXFrameworksBuildPhase section */
		64FB516F298FC66D0041F669 /* Frameworks */ = {
			isa = PBXFrameworksBuildPhase;
			buildActionMask = 2147483647;
			files = (
			);
			runOnlyForDeploymentPostprocessing = 0;
		};
/* End PBXFrameworksBuildPhase section */

/* Begin PBXGroup section */
		64FB5169298FC66D0041F669 = {
			isa = PBXGroup;
			children = (
				64FB5174298FC66D0041F669 /* Firebase-Auth */,
				64FB5173298FC66D0041F669 /* Products */,
			);
			sourceTree = "<group>";
		};
		64FB5173298FC66D0041F669 /* Products */ = {
			isa = PBXGroup;
			children = (
				64FB5172298FC66D0041F669 /* Firebase-Auth.app */,
			);
			name = Products;
			sourceTree = "<group>";
		};
		64FB5174298FC66D0041F669 /* Firebase-Auth */ = {
			isa = PBXGroup;
			children = (
				64FB518B298FC7A70041F669 /* Screens */,
				64FB5175298FC66D0041F669 /* AppDelegate.swift */,
				64FB5177298FC66D0041F669 /* SceneDelegate.swift */,
				64FB517E298FC66E0041F669 /* Assets.xcassets */,
				64FB5180298FC66E0041F669 /* LaunchScreen.storyboard */,
				64FB5183298FC66E0041F669 /* Info.plist */,
			);
			path = "Firebase-Auth";
			sourceTree = "<group>";
		};
		64FB518B298FC7A70041F669 /* Screens */ = {
			isa = PBXGroup;
			children = (
				64FB518C298FC7B30041F669 /* Authorization */,
				64FB518D298FDDBF0041F669 /* NewAccount */,
				64FB518E298FDDCD0041F669 /* Login */,
			);
			path = Screens;
			sourceTree = "<group>";
		};
		64FB518C298FC7B30041F669 /* Authorization */ = {
			isa = PBXGroup;
			children = (
				64FB5179298FC66D0041F669 /* AuthorizationScreen.swift */,
				64FB5189298FC7A10041F669 /* AuthorizationScreenViewModel.swift */,
			);
			path = Authorization;
			sourceTree = "<group>";
		};
		64FB518D298FDDBF0041F669 /* NewAccount */ = {
			isa = PBXGroup;
			children = (
				64FB518F298FDDE80041F669 /* NewAccountScreen.swift */,
			);
			path = NewAccount;
			sourceTree = "<group>";
		};
		64FB518E298FDDCD0041F669 /* Login */ = {
			isa = PBXGroup;
			children = (
			);
			path = Login;
			sourceTree = "<group>";
		};
/* End PBXGroup section */

/* Begin PBXNativeTarget section */
		64FB5171298FC66D0041F669 /* Firebase-Auth */ = {
			isa = PBXNativeTarget;
			buildConfigurationList = 64FB5186298FC66E0041F669 /* Build configuration list for PBXNativeTarget "Firebase-Auth" */;
			buildPhases = (
				64FB516E298FC66D0041F669 /* Sources */,
				64FB516F298FC66D0041F669 /* Frameworks */,
				64FB5170298FC66D0041F669 /* Resources */,
			);
			buildRules = (
			);
			dependencies = (
			);
			name = "Firebase-Auth";
			productName = "Firebase-Auth";
			productReference = 64FB5172298FC66D0041F669 /* Firebase-Auth.app */;
			productType = "com.apple.product-type.application";
		};
/* End PBXNativeTarget section */

/* Begin PBXProject section */
		64FB516A298FC66D0041F669 /* Project object */ = {
			isa = PBXProject;
			attributes = {
				BuildIndependentTargetsInParallel = 1;
				LastSwiftUpdateCheck = 1420;
				LastUpgradeCheck = 1420;
				TargetAttributes = {
					64FB5171298FC66D0041F669 = {
						CreatedOnToolsVersion = 14.2;
					};
				};
			};
			buildConfigurationList = 64FB516D298FC66D0041F669 /* Build configuration list for PBXProject "Firebase-Auth" */;
			compatibilityVersion = "Xcode 14.0";
			developmentRegion = en;
			hasScannedForEncodings = 0;
			knownRegions = (
				en,
				Base,
			);
			mainGroup = 64FB5169298FC66D0041F669;
			productRefGroup = 64FB5173298FC66D0041F669 /* Products */;
			projectDirPath = "";
			projectRoot = "";
			targets = (
				64FB5171298FC66D0041F669 /* Firebase-Auth */,
			);
		};
/* End PBXProject section */

/* Begin PBXResourcesBuildPhase section */
		64FB5170298FC66D0041F669 /* Resources */ = {
			isa = PBXResourcesBuildPhase;
			buildActionMask = 2147483647;
			files = (
				64FB5182298FC66E0041F669 /* LaunchScreen.storyboard in Resources */,
				64FB517F298FC66E0041F669 /* Assets.xcassets in Resources */,
			);
			runOnlyForDeploymentPostprocessing = 0;
		};
/* End PBXResourcesBuildPhase section */

/* Begin PBXSourcesBuildPhase section */
		64FB516E298FC66D0041F669 /* Sources */ = {
			isa = PBXSourcesBuildPhase;
			buildActionMask = 2147483647;
			files = (
				64FB517A298FC66D0041F669 /* AuthorizationScreen.swift in Sources */,
				64FB5176298FC66D0041F669 /* AppDelegate.swift in Sources */,
				64FB518A298FC7A10041F669 /* AuthorizationScreenViewModel.swift in Sources */,
				64FB5190298FDDE80041F669 /* NewAccountScreen.swift in Sources */,
				64FB5178298FC66D0041F669 /* SceneDelegate.swift in Sources */,
			);
			runOnlyForDeploymentPostprocessing = 0;
		};
/* End PBXSourcesBuildPhase section */

/* Begin PBXVariantGroup section */
		64FB5180298FC66E0041F669 /* LaunchScreen.storyboard */ = {
			isa = PBXVariantGroup;
			children = (
				64FB5181298FC66E0041F669 /* Base */,
			);
			name = LaunchScreen.storyboard;
			sourceTree = "<group>";
		};
/* End PBXVariantGroup section */

/* Begin XCBuildConfiguration section */
		64FB5184298FC66E0041F669 /* Debug */ = {
			isa = XCBuildConfiguration;
			buildSettings = {
				ALWAYS_SEARCH_USER_PATHS = NO;
				CLANG_ANALYZER_NONNULL = YES;
				CLANG_ANALYZER_NUMBER_OBJECT_CONVERSION = YES_AGGRESSIVE;
				CLANG_CXX_LANGUAGE_STANDARD = "gnu++20";
				CLANG_ENABLE_MODULES = YES;
				CLANG_ENABLE_OBJC_ARC = YES;
				CLANG_ENABLE_OBJC_WEAK = YES;
				CLANG_WARN_BLOCK_CAPTURE_AUTORELEASING = YES;
				CLANG_WARN_BOOL_CONVERSION = YES;
				CLANG_WARN_COMMA = YES;
				CLANG_WARN_CONSTANT_CONVERSION = YES;
				CLANG_WARN_DEPRECATED_OBJC_IMPLEMENTATIONS = YES;
				CLANG_WARN_DIRECT_OBJC_ISA_USAGE = YES_ERROR;
				CLANG_WARN_DOCUMENTATION_COMMENTS = YES;
				CLANG_WARN_EMPTY_BODY = YES;
				CLANG_WARN_ENUM_CONVERSION = YES;
				CLANG_WARN_INFINITE_RECURSION = YES;
				CLANG_WARN_INT_CONVERSION = YES;
				CLANG_WARN_NON_LITERAL_NULL_CONVERSION = YES;
				CLANG_WARN_OBJC_IMPLICIT_RETAIN_SELF = YES;
				CLANG_WARN_OBJC_LITERAL_CONVERSION = YES;
				CLANG_WARN_OBJC_ROOT_CLASS = YES_ERROR;
				CLANG_WARN_QUOTED_INCLUDE_IN_FRAMEWORK_HEADER = YES;
				CLANG_WARN_RANGE_LOOP_ANALYSIS = YES;
				CLANG_WARN_STRICT_PROTOTYPES = YES;
				CLANG_WARN_SUSPICIOUS_MOVE = YES;
				CLANG_WARN_UNGUARDED_AVAILABILITY = YES_AGGRESSIVE;
				CLANG_WARN_UNREACHABLE_CODE = YES;
				CLANG_WARN__DUPLICATE_METHOD_MATCH = YES;
				COPY_PHASE_STRIP = NO;
				DEBUG_INFORMATION_FORMAT = dwarf;
				ENABLE_STRICT_OBJC_MSGSEND = YES;
				ENABLE_TESTABILITY = YES;
				GCC_C_LANGUAGE_STANDARD = gnu11;
				GCC_DYNAMIC_NO_PIC = NO;
				GCC_NO_COMMON_BLOCKS = YES;
				GCC_OPTIMIZATION_LEVEL = 0;
				GCC_PREPROCESSOR_DEFINITIONS = (
					"DEBUG=1",
					"$(inherited)",
				);
				GCC_WARN_64_TO_32_BIT_CONVERSION = YES;
				GCC_WARN_ABOUT_RETURN_TYPE = YES_ERROR;
				GCC_WARN_UNDECLARED_SELECTOR = YES;
				GCC_WARN_UNINITIALIZED_AUTOS = YES_AGGRESSIVE;
				GCC_WARN_UNUSED_FUNCTION = YES;
				GCC_WARN_UNUSED_VARIABLE = YES;
				IPHONEOS_DEPLOYMENT_TARGET = 16.2;
				MTL_ENABLE_DEBUG_INFO = INCLUDE_SOURCE;
				MTL_FAST_MATH = YES;
				ONLY_ACTIVE_ARCH = YES;
				SDKROOT = iphoneos;
				SWIFT_ACTIVE_COMPILATION_CONDITIONS = DEBUG;
				SWIFT_OPTIMIZATION_LEVEL = "-Onone";
			};
			name = Debug;
		};
		64FB5185298FC66E0041F669 /* Release */ = {
			isa = XCBuildConfiguration;
			buildSettings = {
				ALWAYS_SEARCH_USER_PATHS = NO;
				CLANG_ANALYZER_NONNULL = YES;
				CLANG_ANALYZER_NUMBER_OBJECT_CONVERSION = YES_AGGRESSIVE;
				CLANG_CXX_LANGUAGE_STANDARD = "gnu++20";
				CLANG_ENABLE_MODULES = YES;
				CLANG_ENABLE_OBJC_ARC = YES;
				CLANG_ENABLE_OBJC_WEAK = YES;
				CLANG_WARN_BLOCK_CAPTURE_AUTORELEASING = YES;
				CLANG_WARN_BOOL_CONVERSION = YES;
				CLANG_WARN_COMMA = YES;
				CLANG_WARN_CONSTANT_CONVERSION = YES;
				CLANG_WARN_DEPRECATED_OBJC_IMPLEMENTATIONS = YES;
				CLANG_WARN_DIRECT_OBJC_ISA_USAGE = YES_ERROR;
				CLANG_WARN_DOCUMENTATION_COMMENTS = YES;
				CLANG_WARN_EMPTY_BODY = YES;
				CLANG_WARN_ENUM_CONVERSION = YES;
				CLANG_WARN_INFINITE_RECURSION = YES;
				CLANG_WARN_INT_CONVERSION = YES;
				CLANG_WARN_NON_LITERAL_NULL_CONVERSION = YES;
				CLANG_WARN_OBJC_IMPLICIT_RETAIN_SELF = YES;
				CLANG_WARN_OBJC_LITERAL_CONVERSION = YES;
				CLANG_WARN_OBJC_ROOT_CLASS = YES_ERROR;
				CLANG_WARN_QUOTED_INCLUDE_IN_FRAMEWORK_HEADER = YES;
				CLANG_WARN_RANGE_LOOP_ANALYSIS = YES;
				CLANG_WARN_STRICT_PROTOTYPES = YES;
				CLANG_WARN_SUSPICIOUS_MOVE = YES;
				CLANG_WARN_UNGUARDED_AVAILABILITY = YES_AGGRESSIVE;
				CLANG_WARN_UNREACHABLE_CODE = YES;
				CLANG_WARN__DUPLICATE_METHOD_MATCH = YES;
				COPY_PHASE_STRIP = NO;
				DEBUG_INFORMATION_FORMAT = "dwarf-with-dsym";
				ENABLE_NS_ASSERTIONS = NO;
				ENABLE_STRICT_OBJC_MSGSEND = YES;
				GCC_C_LANGUAGE_STANDARD = gnu11;
				GCC_NO_COMMON_BLOCKS = YES;
				GCC_WARN_64_TO_32_BIT_CONVERSION = YES;
				GCC_WARN_ABOUT_RETURN_TYPE = YES_ERROR;
				GCC_WARN_UNDECLARED_SELECTOR = YES;
				GCC_WARN_UNINITIALIZED_AUTOS = YES_AGGRESSIVE;
				GCC_WARN_UNUSED_FUNCTION = YES;
				GCC_WARN_UNUSED_VARIABLE = YES;
				IPHONEOS_DEPLOYMENT_TARGET = 16.2;
				MTL_ENABLE_DEBUG_INFO = NO;
				MTL_FAST_MATH = YES;
				SDKROOT = iphoneos;
				SWIFT_COMPILATION_MODE = wholemodule;
				SWIFT_OPTIMIZATION_LEVEL = "-O";
				VALIDATE_PRODUCT = YES;
			};
			name = Release;
		};
		64FB5187298FC66E0041F669 /* Debug */ = {
			isa = XCBuildConfiguration;
			buildSettings = {
				ASSETCATALOG_COMPILER_APPICON_NAME = AppIcon;
				ASSETCATALOG_COMPILER_GLOBAL_ACCENT_COLOR_NAME = AccentColor;
				CODE_SIGN_STYLE = Automatic;
				CURRENT_PROJECT_VERSION = 1;
				DEVELOPMENT_TEAM = ZUD457WP4X;
				GENERATE_INFOPLIST_FILE = YES;
				INFOPLIST_FILE = "Firebase-Auth/Info.plist";
				INFOPLIST_KEY_UIApplicationSupportsIndirectInputEvents = YES;
				INFOPLIST_KEY_UILaunchStoryboardName = LaunchScreen;
				INFOPLIST_KEY_UISupportedInterfaceOrientations_iPad = "UIInterfaceOrientationPortrait UIInterfaceOrientationPortraitUpsideDown UIInterfaceOrientationLandscapeLeft UIInterfaceOrientationLandscapeRight";
				INFOPLIST_KEY_UISupportedInterfaceOrientations_iPhone = "UIInterfaceOrientationPortrait UIInterfaceOrientationLandscapeLeft UIInterfaceOrientationLandscapeRight";
				LD_RUNPATH_SEARCH_PATHS = (
					"$(inherited)",
					"@executable_path/Frameworks",
				);
				MARKETING_VERSION = 1.0;
				PRODUCT_BUNDLE_IDENTIFIER = "com.emreusul.Firebase-Auth";
				PRODUCT_NAME = "$(TARGET_NAME)";
				SWIFT_EMIT_LOC_STRINGS = YES;
				SWIFT_VERSION = 5.0;
				TARGETED_DEVICE_FAMILY = "1,2";
			};
			name = Debug;
		};
		64FB5188298FC66E0041F669 /* Release */ = {
			isa = XCBuildConfiguration;
			buildSettings = {
				ASSETCATALOG_COMPILER_APPICON_NAME = AppIcon;
				ASSETCATALOG_COMPILER_GLOBAL_ACCENT_COLOR_NAME = AccentColor;
				CODE_SIGN_STYLE = Automatic;
				CURRENT_PROJECT_VERSION = 1;
				DEVELOPMENT_TEAM = ZUD457WP4X;
				GENERATE_INFOPLIST_FILE = YES;
				INFOPLIST_FILE = "Firebase-Auth/Info.plist";
				INFOPLIST_KEY_UIApplicationSupportsIndirectInputEvents = YES;
				INFOPLIST_KEY_UILaunchStoryboardName = LaunchScreen;
				INFOPLIST_KEY_UISupportedInterfaceOrientations_iPad = "UIInterfaceOrientationPortrait UIInterfaceOrientationPortraitUpsideDown UIInterfaceOrientationLandscapeLeft UIInterfaceOrientationLandscapeRight";
				INFOPLIST_KEY_UISupportedInterfaceOrientations_iPhone = "UIInterfaceOrientationPortrait UIInterfaceOrientationLandscapeLeft UIInterfaceOrientationLandscapeRight";
				LD_RUNPATH_SEARCH_PATHS = (
					"$(inherited)",
					"@executable_path/Frameworks",
				);
				MARKETING_VERSION = 1.0;
				PRODUCT_BUNDLE_IDENTIFIER = "com.emreusul.Firebase-Auth";
				PRODUCT_NAME = "$(TARGET_NAME)";
				SWIFT_EMIT_LOC_STRINGS = YES;
				SWIFT_VERSION = 5.0;
				TARGETED_DEVICE_FAMILY = "1,2";
			};
			name = Release;
		};
/* End XCBuildConfiguration section */

/* Begin XCConfigurationList section */
		64FB516D298FC66D0041F669 /* Build configuration list for PBXProject "Firebase-Auth" */ = {
			isa = XCConfigurationList;
			buildConfigurations = (
				64FB5184298FC66E0041F669 /* Debug */,
				64FB5185298FC66E0041F669 /* Release */,
			);
			defaultConfigurationIsVisible = 0;
			defaultConfigurationName = Release;
		};
		64FB5186298FC66E0041F669 /* Build configuration list for PBXNativeTarget "Firebase-Auth" */ = {
			isa = XCConfigurationList;
			buildConfigurations = (
				64FB5187298FC66E0041F669 /* Debug */,
				64FB5188298FC66E0041F669 /* Release */,
			);
			defaultConfigurationIsVisible = 0;
			defaultConfigurationName = Release;
		};
/* End XCConfigurationList section */
	};
	rootObject = 64FB516A298FC66D0041F669 /* Project object */;
}
